{
  "name": "file-server",
  "version": "1.0.0",
  "lockfileVersion": 3,
  "requires": true,
  "packages": {
    "": {
      "name": "file-server",
      "version": "1.0.0",
      "license": "ISC",
      "dependencies": {
        "inde.js": "^1.0.0"
      }
    },
    "node_modules/inde.js": {
      "version": "1.0.0",
      "resolved": "https://registry.npmjs.org/inde.js/-/inde.js-1.0.0.tgz",
      "integrity": "sha512-wiLsLiDO8euQ4emw5TvrxgnZl9kaDHdiKnzg66nToHBiH00QSKWpsQESx7C0aanUBzPQ+vxt4lploG+Jd5WdPw==",
      "license": "ISC"
    }
  }
}
